
Microsoft Visual Studio Solution File, Format Version 12.00
# Visual Studio Version 17
VisualStudioVersion = 17.0.32112.339
MinimumVisualStudioVersion = 10.0.40219.1
Project("{9A19103F-16F7-4668-BE54-9A1E7A4F7556}") = "Messenger.Common", "Messenger.Common\Messenger.Common.csproj", "{BBF2E7F0-83E3-4CFE-BACB-4111CD4B3D57}"
EndProject
Project("{9A19103F-16F7-4668-BE54-9A1E7A4F7556}") = "MySql.Common", "MySql.Common\MySql.Common.csproj", "{B0EE5352-4D37-49D3-8A67-DB08D71E49EC}"
EndProject
Project("{2150E333-8FDC-42A3-9474-1A3956D46DE8}") = "Common Tools", "Common Tools", "{C34F7731-953A-44D6-A266-2CCB58669D41}"
EndProject
Project("{9A19103F-16F7-4668-BE54-9A1E7A4F7556}") = "Messenger.ChatInfoServer", "Messenger.ChatInfoServer\Messenger.ChatInfoServer.csproj", "{694F629D-7D31-4481-B39F-F60F14F87079}"
EndProject
Project("{9A19103F-16F7-4668-BE54-9A1E7A4F7556}") = "Messenger.MessengerServer", "Messenger.MessengerServer\Messenger.MessengerServer.csproj", "{794A5458-2570-45A7-852C-7FFAF9C85F9B}"
EndProject
Project("{9A19103F-16F7-4668-BE54-9A1E7A4F7556}") = "Messenger.AuthServer", "Messenger.AuthServer\Messenger.AuthServer.csproj", "{3EE83021-A2FF-4E46-B7D5-07618AD835D8}"
EndProject
Project("{9A19103F-16F7-4668-BE54-9A1E7A4F7556}") = "Messenger.JWTSecret", "Messenger.JWTSecret\Messenger.JWTSecret.csproj", "{A7C774B0-720F-430D-9F5E-5752ACE97F51}"
EndProject
Project("{9A19103F-16F7-4668-BE54-9A1E7A4F7556}") = "Messenger.RegistrationServer", "Messenger.RegistrationServer\Messenger.RegistrationServer.csproj", "{0F983265-7096-4ABA-8C87-613C52A0F59C}"
EndProject
Project("{9A19103F-16F7-4668-BE54-9A1E7A4F7556}") = "Messenger.Orchestrator", "Messenger.Orchestrator\Messenger.Orchestrator.csproj", "{09E1C959-4616-45C0-A1B9-D765C60084A7}"
EndProject
Project("{9A19103F-16F7-4668-BE54-9A1E7A4F7556}") = "Messenger.UserServer", "Messenger.UserServer\Messenger.UserServer.csproj", "{D634E7BA-4AA5-4331-A663-0FC05DD0C48D}"
EndProject
Project("{9A19103F-16F7-4668-BE54-9A1E7A4F7556}") = "Messenger.HistoricalMessagesService", "Messenger.HistoricalMessagesService\Messenger.HistoricalMessagesService.csproj", "{A4A85FB5-A0DB-4DD3-B1FD-B97982276E7E}"
EndProject
Project("{9A19103F-16F7-4668-BE54-9A1E7A4F7556}") = "Template.WebAPI", "Template.WebAPI\Template.WebAPI.csproj", "{687FA8DD-2F83-4238-9FAD-A9BA78B65DCA}"
EndProject
Project("{9A19103F-16F7-4668-BE54-9A1E7A4F7556}") = "Messenger.InstantMessagingService", "Messenger.InstantMessagingService\Messenger.InstantMessagingService.csproj", "{B2C564A5-4ACF-4BA2-8971-2E8ABA47A788}"
EndProject
Project("{9A19103F-16F7-4668-BE54-9A1E7A4F7556}") = "Messenger.MessageService", "Messenger.MessageService\Messenger.MessageService.csproj", "{FDBE2935-79F0-43FE-8CB9-68BADF6B2B6F}"
EndProject
Project("{9A19103F-16F7-4668-BE54-9A1E7A4F7556}") = "Messenger.SubscribingService", "Messenger.SubscribingService\Messenger.SubscribingService.csproj", "{811D887E-5E5A-40F8-A08C-DE869F82C394}"
EndProject
Global
	GlobalSection(SolutionConfigurationPlatforms) = preSolution
		Debug|Any CPU = Debug|Any CPU
		Release|Any CPU = Release|Any CPU
	EndGlobalSection
	GlobalSection(ProjectConfigurationPlatforms) = postSolution
		{BBF2E7F0-83E3-4CFE-BACB-4111CD4B3D57}.Debug|Any CPU.ActiveCfg = Debug|Any CPU
		{BBF2E7F0-83E3-4CFE-BACB-4111CD4B3D57}.Debug|Any CPU.Build.0 = Debug|Any CPU
		{BBF2E7F0-83E3-4CFE-BACB-4111CD4B3D57}.Release|Any CPU.ActiveCfg = Release|Any CPU
		{BBF2E7F0-83E3-4CFE-BACB-4111CD4B3D57}.Release|Any CPU.Build.0 = Release|Any CPU
		{B0EE5352-4D37-49D3-8A67-DB08D71E49EC}.Debug|Any CPU.ActiveCfg = Debug|Any CPU
		{B0EE5352-4D37-49D3-8A67-DB08D71E49EC}.Debug|Any CPU.Build.0 = Debug|Any CPU
		{B0EE5352-4D37-49D3-8A67-DB08D71E49EC}.Release|Any CPU.ActiveCfg = Release|Any CPU
		{B0EE5352-4D37-49D3-8A67-DB08D71E49EC}.Release|Any CPU.Build.0 = Release|Any CPU
		{694F629D-7D31-4481-B39F-F60F14F87079}.Debug|Any CPU.ActiveCfg = Debug|Any CPU
		{694F629D-7D31-4481-B39F-F60F14F87079}.Debug|Any CPU.Build.0 = Debug|Any CPU
		{694F629D-7D31-4481-B39F-F60F14F87079}.Release|Any CPU.ActiveCfg = Release|Any CPU
		{694F629D-7D31-4481-B39F-F60F14F87079}.Release|Any CPU.Build.0 = Release|Any CPU
		{794A5458-2570-45A7-852C-7FFAF9C85F9B}.Debug|Any CPU.ActiveCfg = Debug|Any CPU
		{794A5458-2570-45A7-852C-7FFAF9C85F9B}.Debug|Any CPU.Build.0 = Debug|Any CPU
		{794A5458-2570-45A7-852C-7FFAF9C85F9B}.Release|Any CPU.ActiveCfg = Release|Any CPU
		{794A5458-2570-45A7-852C-7FFAF9C85F9B}.Release|Any CPU.Build.0 = Release|Any CPU
		{3EE83021-A2FF-4E46-B7D5-07618AD835D8}.Debug|Any CPU.ActiveCfg = Debug|Any CPU
		{3EE83021-A2FF-4E46-B7D5-07618AD835D8}.Debug|Any CPU.Build.0 = Debug|Any CPU
		{3EE83021-A2FF-4E46-B7D5-07618AD835D8}.Release|Any CPU.ActiveCfg = Release|Any CPU
		{3EE83021-A2FF-4E46-B7D5-07618AD835D8}.Release|Any CPU.Build.0 = Release|Any CPU
		{A7C774B0-720F-430D-9F5E-5752ACE97F51}.Debug|Any CPU.ActiveCfg = Debug|Any CPU
		{A7C774B0-720F-430D-9F5E-5752ACE97F51}.Debug|Any CPU.Build.0 = Debug|Any CPU
		{A7C774B0-720F-430D-9F5E-5752ACE97F51}.Release|Any CPU.ActiveCfg = Release|Any CPU
		{A7C774B0-720F-430D-9F5E-5752ACE97F51}.Release|Any CPU.Build.0 = Release|Any CPU
		{0F983265-7096-4ABA-8C87-613C52A0F59C}.Debug|Any CPU.ActiveCfg = Debug|Any CPU
		{0F983265-7096-4ABA-8C87-613C52A0F59C}.Debug|Any CPU.Build.0 = Debug|Any CPU
		{0F983265-7096-4ABA-8C87-613C52A0F59C}.Release|Any CPU.ActiveCfg = Release|Any CPU
		{0F983265-7096-4ABA-8C87-613C52A0F59C}.Release|Any CPU.Build.0 = Release|Any CPU
		{09E1C959-4616-45C0-A1B9-D765C60084A7}.Debug|Any CPU.ActiveCfg = Debug|Any CPU
		{09E1C959-4616-45C0-A1B9-D765C60084A7}.Debug|Any CPU.Build.0 = Debug|Any CPU
		{09E1C959-4616-45C0-A1B9-D765C60084A7}.Release|Any CPU.ActiveCfg = Release|Any CPU
		{09E1C959-4616-45C0-A1B9-D765C60084A7}.Release|Any CPU.Build.0 = Release|Any CPU
		{D634E7BA-4AA5-4331-A663-0FC05DD0C48D}.Debug|Any CPU.ActiveCfg = Debug|Any CPU
		{D634E7BA-4AA5-4331-A663-0FC05DD0C48D}.Debug|Any CPU.Build.0 = Debug|Any CPU
		{D634E7BA-4AA5-4331-A663-0FC05DD0C48D}.Release|Any CPU.ActiveCfg = Release|Any CPU
		{D634E7BA-4AA5-4331-A663-0FC05DD0C48D}.Release|Any CPU.Build.0 = Release|Any CPU
		{A4A85FB5-A0DB-4DD3-B1FD-B97982276E7E}.Debug|Any CPU.ActiveCfg = Debug|Any CPU
		{A4A85FB5-A0DB-4DD3-B1FD-B97982276E7E}.Debug|Any CPU.Build.0 = Debug|Any CPU
		{A4A85FB5-A0DB-4DD3-B1FD-B97982276E7E}.Release|Any CPU.ActiveCfg = Release|Any CPU
		{A4A85FB5-A0DB-4DD3-B1FD-B97982276E7E}.Release|Any CPU.Build.0 = Release|Any CPU
		{687FA8DD-2F83-4238-9FAD-A9BA78B65DCA}.Debug|Any CPU.ActiveCfg = Debug|Any CPU
		{687FA8DD-2F83-4238-9FAD-A9BA78B65DCA}.Debug|Any CPU.Build.0 = Debug|Any CPU
		{687FA8DD-2F83-4238-9FAD-A9BA78B65DCA}.Release|Any CPU.ActiveCfg = Release|Any CPU
		{687FA8DD-2F83-4238-9FAD-A9BA78B65DCA}.Release|Any CPU.Build.0 = Release|Any CPU
		{B2C564A5-4ACF-4BA2-8971-2E8ABA47A788}.Debug|Any CPU.ActiveCfg = Debug|Any CPU
		{B2C564A5-4ACF-4BA2-8971-2E8ABA47A788}.Debug|Any CPU.Build.0 = Debug|Any CPU
		{B2C564A5-4ACF-4BA2-8971-2E8ABA47A788}.Release|Any CPU.ActiveCfg = Release|Any CPU
		{B2C564A5-4ACF-4BA2-8971-2E8ABA47A788}.Release|Any CPU.Build.0 = Release|Any CPU
		{FDBE2935-79F0-43FE-8CB9-68BADF6B2B6F}.Debug|Any CPU.ActiveCfg = Debug|Any CPU
		{FDBE2935-79F0-43FE-8CB9-68BADF6B2B6F}.Debug|Any CPU.Build.0 = Debug|Any CPU
		{FDBE2935-79F0-43FE-8CB9-68BADF6B2B6F}.Release|Any CPU.ActiveCfg = Release|Any CPU
		{FDBE2935-79F0-43FE-8CB9-68BADF6B2B6F}.Release|Any CPU.Build.0 = Release|Any CPU
		{811D887E-5E5A-40F8-A08C-DE869F82C394}.Debug|Any CPU.ActiveCfg = Debug|Any CPU
		{811D887E-5E5A-40F8-A08C-DE869F82C394}.Debug|Any CPU.Build.0 = Debug|Any CPU
		{811D887E-5E5A-40F8-A08C-DE869F82C394}.Release|Any CPU.ActiveCfg = Release|Any CPU
		{811D887E-5E5A-40F8-A08C-DE869F82C394}.Release|Any CPU.Build.0 = Release|Any CPU
	EndGlobalSection
	GlobalSection(SolutionProperties) = preSolution
		HideSolutionNode = FALSE
	EndGlobalSection
	GlobalSection(NestedProjects) = preSolution
		{BBF2E7F0-83E3-4CFE-BACB-4111CD4B3D57} = {C34F7731-953A-44D6-A266-2CCB58669D41}
		{B0EE5352-4D37-49D3-8A67-DB08D71E49EC} = {C34F7731-953A-44D6-A266-2CCB58669D41}
		{687FA8DD-2F83-4238-9FAD-A9BA78B65DCA} = {C34F7731-953A-44D6-A266-2CCB58669D41}
	EndGlobalSection
	GlobalSection(ExtensibilityGlobals) = postSolution
		SolutionGuid = {EDA22F40-0A48-4581-B45C-CE6432FB5A99}
	EndGlobalSection
EndGlobal
